{
  "name": "strip-comments-js",
  "version": "1.0.11",
  "lockfileVersion": 3,
  "requires": true,
  "packages": {
    "": {
      "name": "strip-comments-js",
      "version": "1.0.11",
      "license": "Apache-2.0",
      "bin": {
        "strip-comments-js": "bin.js"
      },
      "devDependencies": {
        "@ericcornelissen/arbitrary-javascript": "0.2.7",
        "acorn": "8.16.0",
        "fast-check": "4.6.0",
        "prettier": "3.8.2",
        "strip-assertions": "1.0.2"
      },
      "engines": {
        "node": "^24 || ^26"
      }
    },
    "node_modules/@ericcornelissen/arbitrary-javascript": {
      "version": "0.2.7",
      "resolved": "https://registry.npmjs.org/@ericcornelissen/arbitrary-javascript/-/arbitrary-javascript-0.2.7.tgz",
      "integrity": "sha512-fP3eeAmk4KYf7SUyP1g80ll3mUePdvII41CEXbJSSmdiyjh8jdwp5C+r4keIhO3uvswHLXjG5HUSuYcZ3/8FlQ==",
      "dev": true,
      "license": "Apache-2.0",
      "engines": {
        "node": "^24 || ^26"
      }
    },
    "node_modules/acorn": {
      "version": "8.16.0",
      "resolved": "https://registry.npmjs.org/acorn/-/acorn-8.16.0.tgz",
      "integrity": "sha512-UVJyE9MttOsBQIDKw1skb9nAwQuR5wuGD3+82K6JgJlm/Y+KI92oNsMNGZCYdDsVtRHSak0pcV5Dno5+4jh9sw==",
      "dev": true,
      "license": "MIT",
      "bin": {
        "acorn": "bin/acorn"
      },
      "engines": {
        "node": ">=0.4.0"
      }
    },
    "node_modules/fast-check": {
      "version": "4.6.0",
      "resolved": "https://registry.npmjs.org/fast-check/-/fast-check-4.6.0.tgz",
      "integrity": "sha512-h7H6Dm0Fy+H4ciQYFxFjXnXkzR2kr9Fb22c0UBpHnm59K2zpr2t13aPTHlltFiNT6zuxp6HMPAVVvgur4BLdpA==",
      "dev": true,
      "funding": [
        {
          "type": "individual",
          "url": "https://github.com/sponsors/dubzzz"
        },
        {
          "type": "opencollective",
          "url": "https://opencollective.com/fast-check"
        }
      ],
      "license": "MIT",
      "dependencies": {
        "pure-rand": "^8.0.0"
      },
      "engines": {
        "node": ">=12.17.0"
      }
    },
    "node_modules/prettier": {
      "version": "3.8.2",
      "resolved": "https://registry.npmjs.org/prettier/-/prettier-3.8.2.tgz",
      "integrity": "sha512-8c3mgTe0ASwWAJK+78dpviD+A8EqhndQPUBpNUIPt6+xWlIigCwfN01lWr9MAede4uqXGTEKeQWTvzb3vjia0Q==",
      "dev": true,
      "license": "MIT",
      "bin": {
        "prettier": "bin/prettier.cjs"
      },
      "engines": {
        "node": ">=14"
      },
      "funding": {
        "url": "https://github.com/prettier/prettier?sponsor=1"
      }
    },
    "node_modules/pure-rand": {
      "version": "8.4.0",
      "resolved": "https://registry.npmjs.org/pure-rand/-/pure-rand-8.4.0.tgz",
      "integrity": "sha512-IoM8YF/jY0hiugFo/wOWqfmarlE6J0wc6fDK1PhftMk7MGhVZl88sZimmqBBFomLOCSmcCCpsfj7wXASCpvK9A==",
      "dev": true,
      "funding": [
        {
          "type": "individual",
          "url": "https://github.com/sponsors/dubzzz"
        },
        {
          "type": "opencollective",
          "url": "https://opencollective.com/fast-check"
        }
      ],
      "license": "MIT"
    },
    "node_modules/strip-assertions": {
      "version": "1.0.2",
      "resolved": "https://registry.npmjs.org/strip-assertions/-/strip-assertions-1.0.2.tgz",
      "integrity": "sha512-JCb+J3OIjc41pYtBLu6qU+UamY1s3/AUifmOSz2fgKvilOQp4xA54I1j3Nnj9wAGJTS7toWrpFId6rnohSZ65Q==",
      "dev": true,
      "license": "Apache-2.0",
      "bin": {
        "strip-assertions": "bin.js"
      },
      "engines": {
        "node": "^24 || ^26"
      }
    }
  }
}
